
Microsoft Visual Studio Solution File, Format Version 12.00
# Visual Studio Version 17
VisualStudioVersion = 17.3.32819.101
MinimumVisualStudioVersion = 10.0.40219.1
Project("{FAE04EC0-301F-11D3-BF4B-00C04F79EFBC}") = "ConsoleAnagram", "ConsoleAnagram\ConsoleAnagram.csproj", "{F8FC5F56-E804-489C-8383-7FF75675101D}"
EndProject
Project("{FAE04EC0-301F-11D3-BF4B-00C04F79EFBC}") = "LibraryAnagram", "LibraryAnagram\LibraryAnagram.csproj", "{6A884B93-E18C-4D9D-AD4A-8A1F62FC8FF5}"
EndProject
Project("{FAE04EC0-301F-11D3-BF4B-00C04F79EFBC}") = "LibraryAnagramTest", "LibraryAnagramTest\LibraryAnagramTest.csproj", "{94C36D6D-A5E5-4909-BF8C-17CD4F52B91F}"
EndProject
Global
	GlobalSection(SolutionConfigurationPlatforms) = preSolution
		Debug|Any CPU = Debug|Any CPU
		Release|Any CPU = Release|Any CPU
	EndGlobalSection
	GlobalSection(ProjectConfigurationPlatforms) = postSolution
		{F8FC5F56-E804-489C-8383-7FF75675101D}.Debug|Any CPU.ActiveCfg = Debug|Any CPU
		{F8FC5F56-E804-489C-8383-7FF75675101D}.Debug|Any CPU.Build.0 = Debug|Any CPU
		{F8FC5F56-E804-489C-8383-7FF75675101D}.Release|Any CPU.ActiveCfg = Release|Any CPU
		{F8FC5F56-E804-489C-8383-7FF75675101D}.Release|Any CPU.Build.0 = Release|Any CPU
		{6A884B93-E18C-4D9D-AD4A-8A1F62FC8FF5}.Debug|Any CPU.ActiveCfg = Debug|Any CPU
		{6A884B93-E18C-4D9D-AD4A-8A1F62FC8FF5}.Debug|Any CPU.Build.0 = Debug|Any CPU
		{6A884B93-E18C-4D9D-AD4A-8A1F62FC8FF5}.Release|Any CPU.ActiveCfg = Release|Any CPU
		{6A884B93-E18C-4D9D-AD4A-8A1F62FC8FF5}.Release|Any CPU.Build.0 = Release|Any CPU
		{94C36D6D-A5E5-4909-BF8C-17CD4F52B91F}.Debug|Any CPU.ActiveCfg = Debug|Any CPU
		{94C36D6D-A5E5-4909-BF8C-17CD4F52B91F}.Debug|Any CPU.Build.0 = Debug|Any CPU
		{94C36D6D-A5E5-4909-BF8C-17CD4F52B91F}.Release|Any CPU.ActiveCfg = Release|Any CPU
		{94C36D6D-A5E5-4909-BF8C-17CD4F52B91F}.Release|Any CPU.Build.0 = Release|Any CPU
	EndGlobalSection
	GlobalSection(SolutionProperties) = preSolution
		HideSolutionNode = FALSE
	EndGlobalSection
	GlobalSection(ExtensibilityGlobals) = postSolution
		SolutionGuid = {B4078099-3CDE-4EEE-BD39-AE49DD12FDB4}
	EndGlobalSection
EndGlobal
