
Microsoft Visual Studio Solution File, Format Version 12.00
# Visual Studio Version 17
VisualStudioVersion = 17.3.32819.101
MinimumVisualStudioVersion = 10.0.40219.1
Project("{9A19103F-16F7-4668-BE54-9A1E7A4F7556}") = "ConsoleAnagram", "ConsoleAnagram\ConsoleAnagram.csproj", "{37704324-2748-4C4B-9538-4A24AEC12CA6}"
EndProject
Project("{9A19103F-16F7-4668-BE54-9A1E7A4F7556}") = "LibraryAnagram", "LibraryAnagram\LibraryAnagram.csproj", "{CC160209-4647-4795-9F41-07352E59EA6E}"
EndProject
Project("{9A19103F-16F7-4668-BE54-9A1E7A4F7556}") = "LibraryAnagramTest", "LibraryAnagramTest\LibraryAnagramTest.csproj", "{A6BF643A-9C06-4ADA-9657-E5277F59303A}"
EndProject
Global
	GlobalSection(SolutionConfigurationPlatforms) = preSolution
		Debug|Any CPU = Debug|Any CPU
		Release|Any CPU = Release|Any CPU
	EndGlobalSection
	GlobalSection(ProjectConfigurationPlatforms) = postSolution
		{37704324-2748-4C4B-9538-4A24AEC12CA6}.Debug|Any CPU.ActiveCfg = Debug|Any CPU
		{37704324-2748-4C4B-9538-4A24AEC12CA6}.Debug|Any CPU.Build.0 = Debug|Any CPU
		{37704324-2748-4C4B-9538-4A24AEC12CA6}.Release|Any CPU.ActiveCfg = Release|Any CPU
		{37704324-2748-4C4B-9538-4A24AEC12CA6}.Release|Any CPU.Build.0 = Release|Any CPU
		{CC160209-4647-4795-9F41-07352E59EA6E}.Debug|Any CPU.ActiveCfg = Debug|Any CPU
		{CC160209-4647-4795-9F41-07352E59EA6E}.Debug|Any CPU.Build.0 = Debug|Any CPU
		{CC160209-4647-4795-9F41-07352E59EA6E}.Release|Any CPU.ActiveCfg = Release|Any CPU
		{CC160209-4647-4795-9F41-07352E59EA6E}.Release|Any CPU.Build.0 = Release|Any CPU
		{A6BF643A-9C06-4ADA-9657-E5277F59303A}.Debug|Any CPU.ActiveCfg = Debug|Any CPU
		{A6BF643A-9C06-4ADA-9657-E5277F59303A}.Debug|Any CPU.Build.0 = Debug|Any CPU
		{A6BF643A-9C06-4ADA-9657-E5277F59303A}.Release|Any CPU.ActiveCfg = Release|Any CPU
		{A6BF643A-9C06-4ADA-9657-E5277F59303A}.Release|Any CPU.Build.0 = Release|Any CPU
	EndGlobalSection
	GlobalSection(SolutionProperties) = preSolution
		HideSolutionNode = FALSE
	EndGlobalSection
	GlobalSection(ExtensibilityGlobals) = postSolution
		SolutionGuid = {7F20827D-6F73-4206-BE07-B741614DDEC2}
	EndGlobalSection
EndGlobal
